
Microsoft Visual Studio Solution File, Format Version 12.00
# Visual Studio Version 17
VisualStudioVersion = 17.5.33516.290
MinimumVisualStudioVersion = 10.0.40219.1
Project("{FAE04EC0-301F-11D3-BF4B-00C04F79EFBC}") = "PesquisaMaiorNome", "PesquisaMaiorNome.csproj", "{AFE38596-8D3C-4513-A968-FFF7829674FE}"
EndProject
Global
	GlobalSection(SolutionConfigurationPlatforms) = preSolution
		Debug|Any CPU = Debug|Any CPU
		Release|Any CPU = Release|Any CPU
	EndGlobalSection
	GlobalSection(ProjectConfigurationPlatforms) = postSolution
		{AFE38596-8D3C-4513-A968-FFF7829674FE}.Debug|Any CPU.ActiveCfg = Debug|Any CPU
		{AFE38596-8D3C-4513-A968-FFF7829674FE}.Debug|Any CPU.Build.0 = Debug|Any CPU
		{AFE38596-8D3C-4513-A968-FFF7829674FE}.Release|Any CPU.ActiveCfg = Release|Any CPU
		{AFE38596-8D3C-4513-A968-FFF7829674FE}.Release|Any CPU.Build.0 = Release|Any CPU
	EndGlobalSection
	GlobalSection(SolutionProperties) = preSolution
		HideSolutionNode = FALSE
	EndGlobalSection
	GlobalSection(ExtensibilityGlobals) = postSolution
		SolutionGuid = {D127B296-FF48-413F-AB56-BE838E951452}
	EndGlobalSection
EndGlobal
